
Microsoft Visual Studio Solution File, Format Version 12.00
# Visual Studio 14
VisualStudioVersion = 14.0.25420.1
MinimumVisualStudioVersion = 10.0.40219.1
Project("{FAE04EC0-301F-11D3-BF4B-00C04F79EFBC}") = "ConferenceManagement", "ConferenceManagement\ConferenceManagement.csproj", "{5F3DCBAC-D281-4545-B361-F998F5A65F8A}"
EndProject
Project("{FAE04EC0-301F-11D3-BF4B-00C04F79EFBC}") = "ServerConferenceManagement", "ServerConferenceManagement\ServerConferenceManagement.csproj", "{BC43E8CC-D98E-4E08-96EA-74E78945B445}"
EndProject
Project("{FAE04EC0-301F-11D3-BF4B-00C04F79EFBC}") = "UnitTests", "UnitTests\UnitTests.csproj", "{2AC1CBA7-0C2D-4C91-BDEA-E603C2F1EFF7}"
EndProject
Global
	GlobalSection(SolutionConfigurationPlatforms) = preSolution
		Debug|Any CPU = Debug|Any CPU
		Release|Any CPU = Release|Any CPU
	EndGlobalSection
	GlobalSection(ProjectConfigurationPlatforms) = postSolution
		{5F3DCBAC-D281-4545-B361-F998F5A65F8A}.Debug|Any CPU.ActiveCfg = Debug|Any CPU
		{5F3DCBAC-D281-4545-B361-F998F5A65F8A}.Debug|Any CPU.Build.0 = Debug|Any CPU
		{5F3DCBAC-D281-4545-B361-F998F5A65F8A}.Release|Any CPU.ActiveCfg = Release|Any CPU
		{5F3DCBAC-D281-4545-B361-F998F5A65F8A}.Release|Any CPU.Build.0 = Release|Any CPU
		{BC43E8CC-D98E-4E08-96EA-74E78945B445}.Debug|Any CPU.ActiveCfg = Debug|Any CPU
		{BC43E8CC-D98E-4E08-96EA-74E78945B445}.Debug|Any CPU.Build.0 = Debug|Any CPU
		{BC43E8CC-D98E-4E08-96EA-74E78945B445}.Release|Any CPU.ActiveCfg = Release|Any CPU
		{BC43E8CC-D98E-4E08-96EA-74E78945B445}.Release|Any CPU.Build.0 = Release|Any CPU
	EndGlobalSection
	GlobalSection(SolutionProperties) = preSolution
		HideSolutionNode = FALSE
	EndGlobalSection
EndGlobal
